
Microsoft Visual Studio Solution File, Format Version 12.00
# Visual Studio Version 16
VisualStudioVersion = 16.0.31727.386
MinimumVisualStudioVersion = 10.0.40219.1
Project("{FAE04EC0-301F-11D3-BF4B-00C04F79EFBC}") = "AyurvedicECommerce", "AyurvedicECommerce\AyurvedicECommerce.csproj", "{55B2BE20-664A-4001-A0B7-6006D56B0DC7}"
EndProject
Global
	GlobalSection(SolutionConfigurationPlatforms) = preSolution
		Debug|Any CPU = Debug|Any CPU
		Release|Any CPU = Release|Any CPU
	EndGlobalSection
	GlobalSection(ProjectConfigurationPlatforms) = postSolution
		{55B2BE20-664A-4001-A0B7-6006D56B0DC7}.Debug|Any CPU.ActiveCfg = Debug|Any CPU
		{55B2BE20-664A-4001-A0B7-6006D56B0DC7}.Debug|Any CPU.Build.0 = Debug|Any CPU
		{55B2BE20-664A-4001-A0B7-6006D56B0DC7}.Release|Any CPU.ActiveCfg = Release|Any CPU
		{55B2BE20-664A-4001-A0B7-6006D56B0DC7}.Release|Any CPU.Build.0 = Release|Any CPU
	EndGlobalSection
	GlobalSection(SolutionProperties) = preSolution
		HideSolutionNode = FALSE
	EndGlobalSection
	GlobalSection(ExtensibilityGlobals) = postSolution
		SolutionGuid = {73186B1D-2E11-4E57-81E8-871AAAF1520A}
	EndGlobalSection
EndGlobal
